// !$*UTF8*$!
{
	archiveVersion = 1;
	classes = {
	};
	objectVersion = 50;
	objects = {

/* Begin PBXBuildFile section */
		5A18A77321625239007B06E9 /* M10genRVB.svg in Resources */ = {isa = PBXBuildFile; fileRef = 5A18A76421625237007B06E9 /* M10genRVB.svg */; };
		5A18A77421625239007B06E9 /* M2genRVB.svg in Resources */ = {isa = PBXBuildFile; fileRef = 5A18A76521625237007B06E9 /* M2genRVB.svg */; };
		5A18A77521625239007B06E9 /* M3bisgenRVB.svg in Resources */ = {isa = PBXBuildFile; fileRef = 5A18A76621625237007B06E9 /* M3bisgenRVB.svg */; };
		5A18A77621625239007B06E9 /* M14genRVB.svg in Resources */ = {isa = PBXBuildFile; fileRef = 5A18A76721625237007B06E9 /* M14genRVB.svg */; };
		5A18A77721625239007B06E9 /* M6genRVB.svg in Resources */ = {isa = PBXBuildFile; fileRef = 5A18A76821625238007B06E9 /* M6genRVB.svg */; };
		5A18A77821625239007B06E9 /* M8genRVB.svg in Resources */ = {isa = PBXBuildFile; fileRef = 5A18A76921625238007B06E9 /* M8genRVB.svg */; };
		5A18A77921625239007B06E9 /* M12genRVB.svg in Resources */ = {isa = PBXBuildFile; fileRef = 5A18A76A21625238007B06E9 /* M12genRVB.svg */; };
		5A18A77A21625239007B06E9 /* M7genRVB.svg in Resources */ = {isa = PBXBuildFile; fileRef = 5A18A76B21625238007B06E9 /* M7genRVB.svg */; };
		5A18A77B21625239007B06E9 /* M1genRVB.svg in Resources */ = {isa = PBXBuildFile; fileRef = 5A18A76C21625238007B06E9 /* M1genRVB.svg */; };
		5A18A77C21625239007B06E9 /* M3genRVB.svg in Resources */ = {isa = PBXBuildFile; fileRef = 5A18A76D21625238007B06E9 /* M3genRVB.svg */; };
		5A18A77D21625239007B06E9 /* M9genRVB.svg in Resources */ = {isa = PBXBuildFile; fileRef = 5A18A76E21625238007B06E9 /* M9genRVB.svg */; };
		5A18A77E21625239007B06E9 /* M13genRVB.svg in Resources */ = {isa = PBXBuildFile; fileRef = 5A18A76F21625238007B06E9 /* M13genRVB.svg */; };
		5A18A77F21625239007B06E9 /* M4genRVB.svg in Resources */ = {isa = PBXBuildFile; fileRef = 5A18A77021625239007B06E9 /* M4genRVB.svg */; };
		5A18A78021625239007B06E9 /* M5genRVB.svg in Resources */ = {isa = PBXBuildFile; fileRef = 5A18A77121625239007B06E9 /* M5genRVB.svg */; };
		5A18A78121625239007B06E9 /* M7bisgenRVB.svg in Resources */ = {isa = PBXBuildFile; fileRef = 5A18A77221625239007B06E9 /* M7bisgenRVB.svg */; };
		5A1C584921413F9500558C7E /* StationTableViewCell.swift in Sources */ = {isa = PBXBuildFile; fileRef = 5A1C584721413F9500558C7E /* StationTableViewCell.swift */; };
		5A1C584A21413F9500558C7E /* StationTableViewCell.xib in Resources */ = {isa = PBXBuildFile; fileRef = 5A1C584821413F9500558C7E /* StationTableViewCell.xib */; };
		5A1C584D2141768400558C7E /* RouteStepTableViewCell.swift in Sources */ = {isa = PBXBuildFile; fileRef = 5A1C584B2141768400558C7E /* RouteStepTableViewCell.swift */; };
		5A1C584E2141768400558C7E /* RouteStepTableViewCell.xib in Resources */ = {isa = PBXBuildFile; fileRef = 5A1C584C2141768400558C7E /* RouteStepTableViewCell.xib */; };
		5A1C5851214176C400558C7E /* RouteStepViewController.swift in Sources */ = {isa = PBXBuildFile; fileRef = 5A1C584F214176C400558C7E /* RouteStepViewController.swift */; };
		5A1C5852214176C400558C7E /* RouteStepViewController.xib in Resources */ = {isa = PBXBuildFile; fileRef = 5A1C5850214176C400558C7E /* RouteStepViewController.xib */; };
		5A30CCF72163CE2B00EFF685 /* MetroCollectionViewCell.swift in Sources */ = {isa = PBXBuildFile; fileRef = 5A30CCF52163CE2B00EFF685 /* MetroCollectionViewCell.swift */; };
		5A30CCF82163CE2B00EFF685 /* MetroCollectionViewCell.xib in Resources */ = {isa = PBXBuildFile; fileRef = 5A30CCF62163CE2B00EFF685 /* MetroCollectionViewCell.xib */; };
		5A656A60213FD0E200B67025 /* RouteRequest.swift in Sources */ = {isa = PBXBuildFile; fileRef = 5A656A5F213FD0E200B67025 /* RouteRequest.swift */; };
		5A656A64213FEAF100B67025 /* Route.swift in Sources */ = {isa = PBXBuildFile; fileRef = 5A656A63213FEAF100B67025 /* Route.swift */; };
		5A656A662140597100B67025 /* ControleurRequest.swift in Sources */ = {isa = PBXBuildFile; fileRef = 5A656A652140597100B67025 /* ControleurRequest.swift */; };
		5A656A682141149A00B67025 /* UidDef.swift in Sources */ = {isa = PBXBuildFile; fileRef = 5A656A672141149A00B67025 /* UidDef.swift */; };
		5ACDD226213E9256007D2022 /* AppDelegate.swift in Sources */ = {isa = PBXBuildFile; fileRef = 5ACDD225213E9256007D2022 /* AppDelegate.swift */; };
		5ACDD22D213E9257007D2022 /* Assets.xcassets in Resources */ = {isa = PBXBuildFile; fileRef = 5ACDD22C213E9257007D2022 /* Assets.xcassets */; };
		5ACDD230213E9257007D2022 /* LaunchScreen.storyboard in Resources */ = {isa = PBXBuildFile; fileRef = 5ACDD22E213E9257007D2022 /* LaunchScreen.storyboard */; };
		5ACDD239213E931D007D2022 /* HomeViewController.swift in Sources */ = {isa = PBXBuildFile; fileRef = 5ACDD237213E931D007D2022 /* HomeViewController.swift */; };
		5ACDD23A213E931D007D2022 /* HomeViewController.xib in Resources */ = {isa = PBXBuildFile; fileRef = 5ACDD238213E931D007D2022 /* HomeViewController.xib */; };
		5ACDD23D213EA8B4007D2022 /* RouteViewController.swift in Sources */ = {isa = PBXBuildFile; fileRef = 5ACDD23B213EA8B4007D2022 /* RouteViewController.swift */; };
		5ACDD23E213EA8B4007D2022 /* RouteViewController.xib in Resources */ = {isa = PBXBuildFile; fileRef = 5ACDD23C213EA8B4007D2022 /* RouteViewController.xib */; };
		5ACDD241213EBB4C007D2022 /* RouteTableViewCell.swift in Sources */ = {isa = PBXBuildFile; fileRef = 5ACDD23F213EBB4C007D2022 /* RouteTableViewCell.swift */; };
		5ACDD242213EBB4C007D2022 /* RouteTableViewCell.xib in Resources */ = {isa = PBXBuildFile; fileRef = 5ACDD240213EBB4C007D2022 /* RouteTableViewCell.xib */; };
		5AF4A179213ECF5B0050A864 /* SearchDestinationTableViewCell.swift in Sources */ = {isa = PBXBuildFile; fileRef = 5AF4A177213ECF5B0050A864 /* SearchDestinationTableViewCell.swift */; };
		5AF4A17A213ECF5B0050A864 /* SearchDestinationTableViewCell.xib in Resources */ = {isa = PBXBuildFile; fileRef = 5AF4A178213ECF5B0050A864 /* SearchDestinationTableViewCell.xib */; };
		D2B70FE36A87D93A2A319831 /* Pods_Frauding.framework in Frameworks */ = {isa = PBXBuildFile; fileRef = 9A6754BE1FBA9D3A5728A7A4 /* Pods_Frauding.framework */; };
/* End PBXBuildFile section */

/* Begin PBXFileReference section */
		0E3EEA44D95AF92C45654AED /* Pods-Frauding.debug.xcconfig */ = {isa = PBXFileReference; includeInIndex = 1; lastKnownFileType = text.xcconfig; name = "Pods-Frauding.debug.xcconfig"; path = "Pods/Target Support Files/Pods-Frauding/Pods-Frauding.debug.xcconfig"; sourceTree = "<group>"; };
		5A18A76421625237007B06E9 /* M10genRVB.svg */ = {isa = PBXFileReference; fileEncoding = 4; lastKnownFileType = text.xml; path = M10genRVB.svg; sourceTree = "<group>"; };
		5A18A76521625237007B06E9 /* M2genRVB.svg */ = {isa = PBXFileReference; fileEncoding = 4; lastKnownFileType = text.xml; path = M2genRVB.svg; sourceTree = "<group>"; };
		5A18A76621625237007B06E9 /* M3bisgenRVB.svg */ = {isa = PBXFileReference; fileEncoding = 4; lastKnownFileType = text.xml; path = M3bisgenRVB.svg; sourceTree = "<group>"; };
		5A18A76721625237007B06E9 /* M14genRVB.svg */ = {isa = PBXFileReference; fileEncoding = 4; lastKnownFileType = text.xml; path = M14genRVB.svg; sourceTree = "<group>"; };
		5A18A76821625238007B06E9 /* M6genRVB.svg */ = {isa = PBXFileReference; fileEncoding = 4; lastKnownFileType = text.xml; path = M6genRVB.svg; sourceTree = "<group>"; };
		5A18A76921625238007B06E9 /* M8genRVB.svg */ = {isa = PBXFileReference; fileEncoding = 4; lastKnownFileType = text.xml; path = M8genRVB.svg; sourceTree = "<group>"; };
		5A18A76A21625238007B06E9 /* M12genRVB.svg */ = {isa = PBXFileReference; fileEncoding = 4; lastKnownFileType = text.xml; path = M12genRVB.svg; sourceTree = "<group>"; };
		5A18A76B21625238007B06E9 /* M7genRVB.svg */ = {isa = PBXFileReference; fileEncoding = 4; lastKnownFileType = text.xml; path = M7genRVB.svg; sourceTree = "<group>"; };
		5A18A76C21625238007B06E9 /* M1genRVB.svg */ = {isa = PBXFileReference; fileEncoding = 4; lastKnownFileType = text.xml; path = M1genRVB.svg; sourceTree = "<group>"; };
		5A18A76D21625238007B06E9 /* M3genRVB.svg */ = {isa = PBXFileReference; fileEncoding = 4; lastKnownFileType = text.xml; path = M3genRVB.svg; sourceTree = "<group>"; };
		5A18A76E21625238007B06E9 /* M9genRVB.svg */ = {isa = PBXFileReference; fileEncoding = 4; lastKnownFileType = text.xml; path = M9genRVB.svg; sourceTree = "<group>"; };
		5A18A76F21625238007B06E9 /* M13genRVB.svg */ = {isa = PBXFileReference; fileEncoding = 4; lastKnownFileType = text.xml; path = M13genRVB.svg; sourceTree = "<group>"; };
		5A18A77021625239007B06E9 /* M4genRVB.svg */ = {isa = PBXFileReference; fileEncoding = 4; lastKnownFileType = text.xml; path = M4genRVB.svg; sourceTree = "<group>"; };
		5A18A77121625239007B06E9 /* M5genRVB.svg */ = {isa = PBXFileReference; fileEncoding = 4; lastKnownFileType = text.xml; path = M5genRVB.svg; sourceTree = "<group>"; };
		5A18A77221625239007B06E9 /* M7bisgenRVB.svg */ = {isa = PBXFileReference; fileEncoding = 4; lastKnownFileType = text.xml; path = M7bisgenRVB.svg; sourceTree = "<group>"; };
		5A1C584721413F9500558C7E /* StationTableViewCell.swift */ = {isa = PBXFileReference; lastKnownFileType = sourcecode.swift; path = StationTableViewCell.swift; sourceTree = "<group>"; };
		5A1C584821413F9500558C7E /* StationTableViewCell.xib */ = {isa = PBXFileReference; lastKnownFileType = file.xib; path = StationTableViewCell.xib; sourceTree = "<group>"; };
		5A1C584B2141768400558C7E /* RouteStepTableViewCell.swift */ = {isa = PBXFileReference; lastKnownFileType = sourcecode.swift; path = RouteStepTableViewCell.swift; sourceTree = "<group>"; };
		5A1C584C2141768400558C7E /* RouteStepTableViewCell.xib */ = {isa = PBXFileReference; lastKnownFileType = file.xib; path = RouteStepTableViewCell.xib; sourceTree = "<group>"; };
		5A1C584F214176C400558C7E /* RouteStepViewController.swift */ = {isa = PBXFileReference; lastKnownFileType = sourcecode.swift; path = RouteStepViewController.swift; sourceTree = "<group>"; };
		5A1C5850214176C400558C7E /* RouteStepViewController.xib */ = {isa = PBXFileReference; lastKnownFileType = file.xib; path = RouteStepViewController.xib; sourceTree = "<group>"; };
		5A30CCF52163CE2B00EFF685 /* MetroCollectionViewCell.swift */ = {isa = PBXFileReference; lastKnownFileType = sourcecode.swift; path = MetroCollectionViewCell.swift; sourceTree = "<group>"; };
		5A30CCF62163CE2B00EFF685 /* MetroCollectionViewCell.xib */ = {isa = PBXFileReference; lastKnownFileType = file.xib; path = MetroCollectionViewCell.xib; sourceTree = "<group>"; };
		5A656A5F213FD0E200B67025 /* RouteRequest.swift */ = {isa = PBXFileReference; lastKnownFileType = sourcecode.swift; path = RouteRequest.swift; sourceTree = "<group>"; };
		5A656A63213FEAF100B67025 /* Route.swift */ = {isa = PBXFileReference; lastKnownFileType = sourcecode.swift; path = Route.swift; sourceTree = "<group>"; };
		5A656A652140597100B67025 /* ControleurRequest.swift */ = {isa = PBXFileReference; lastKnownFileType = sourcecode.swift; path = ControleurRequest.swift; sourceTree = "<group>"; };
		5A656A672141149A00B67025 /* UidDef.swift */ = {isa = PBXFileReference; lastKnownFileType = sourcecode.swift; path = UidDef.swift; sourceTree = "<group>"; };
		5ACDD222213E9256007D2022 /* Frauding.app */ = {isa = PBXFileReference; explicitFileType = wrapper.application; includeInIndex = 0; path = Frauding.app; sourceTree = BUILT_PRODUCTS_DIR; };
		5ACDD225213E9256007D2022 /* AppDelegate.swift */ = {isa = PBXFileReference; lastKnownFileType = sourcecode.swift; path = AppDelegate.swift; sourceTree = "<group>"; };
		5ACDD22C213E9257007D2022 /* Assets.xcassets */ = {isa = PBXFileReference; lastKnownFileType = folder.assetcatalog; path = Assets.xcassets; sourceTree = "<group>"; };
		5ACDD22F213E9257007D2022 /* Base */ = {isa = PBXFileReference; lastKnownFileType = file.storyboard; name = Base; path = Base.lproj/LaunchScreen.storyboard; sourceTree = "<group>"; };
		5ACDD231213E9257007D2022 /* Info.plist */ = {isa = PBXFileReference; lastKnownFileType = text.plist.xml; path = Info.plist; sourceTree = "<group>"; };
		5ACDD237213E931D007D2022 /* HomeViewController.swift */ = {isa = PBXFileReference; lastKnownFileType = sourcecode.swift; path = HomeViewController.swift; sourceTree = "<group>"; };
		5ACDD238213E931D007D2022 /* HomeViewController.xib */ = {isa = PBXFileReference; lastKnownFileType = file.xib; path = HomeViewController.xib; sourceTree = "<group>"; };
		5ACDD23B213EA8B4007D2022 /* RouteViewController.swift */ = {isa = PBXFileReference; lastKnownFileType = sourcecode.swift; path = RouteViewController.swift; sourceTree = "<group>"; };
		5ACDD23C213EA8B4007D2022 /* RouteViewController.xib */ = {isa = PBXFileReference; lastKnownFileType = file.xib; path = RouteViewController.xib; sourceTree = "<group>"; };
		5ACDD23F213EBB4C007D2022 /* RouteTableViewCell.swift */ = {isa = PBXFileReference; lastKnownFileType = sourcecode.swift; path = RouteTableViewCell.swift; sourceTree = "<group>"; };
		5ACDD240213EBB4C007D2022 /* RouteTableViewCell.xib */ = {isa = PBXFileReference; lastKnownFileType = file.xib; path = RouteTableViewCell.xib; sourceTree = "<group>"; };
		5AF4A177213ECF5B0050A864 /* SearchDestinationTableViewCell.swift */ = {isa = PBXFileReference; lastKnownFileType = sourcecode.swift; path = SearchDestinationTableViewCell.swift; sourceTree = "<group>"; };
		5AF4A178213ECF5B0050A864 /* SearchDestinationTableViewCell.xib */ = {isa = PBXFileReference; lastKnownFileType = file.xib; path = SearchDestinationTableViewCell.xib; sourceTree = "<group>"; };
		9A6754BE1FBA9D3A5728A7A4 /* Pods_Frauding.framework */ = {isa = PBXFileReference; explicitFileType = wrapper.framework; includeInIndex = 0; path = Pods_Frauding.framework; sourceTree = BUILT_PRODUCTS_DIR; };
		D4D1FB689BFCD35681D818B2 /* Pods-Frauding.release.xcconfig */ = {isa = PBXFileReference; includeInIndex = 1; lastKnownFileType = text.xcconfig; name = "Pods-Frauding.release.xcconfig"; path = "Pods/Target Support Files/Pods-Frauding/Pods-Frauding.release.xcconfig"; sourceTree = "<group>"; };
/* End PBXFileReference section */

/* Begin PBXFrameworksBuildPhase section */
		5ACDD21F213E9256007D2022 /* Frameworks */ = {
			isa = PBXFrameworksBuildPhase;
			buildActionMask = 2147483647;
			files = (
				D2B70FE36A87D93A2A319831 /* Pods_Frauding.framework in Frameworks */,
			);
			runOnlyForDeploymentPostprocessing = 0;
		};
/* End PBXFrameworksBuildPhase section */

/* Begin PBXGroup section */
		3EE42AD1C00610C09EDC73C3 /* Frameworks */ = {
			isa = PBXGroup;
			children = (
				9A6754BE1FBA9D3A5728A7A4 /* Pods_Frauding.framework */,
			);
			name = Frameworks;
			sourceTree = "<group>";
		};
		5A18A763216251EA007B06E9 /* icon_metro_svg */ = {
			isa = PBXGroup;
			children = (
				5A18A76C21625238007B06E9 /* M1genRVB.svg */,
				5A18A76521625237007B06E9 /* M2genRVB.svg */,
				5A18A76621625237007B06E9 /* M3bisgenRVB.svg */,
				5A18A76D21625238007B06E9 /* M3genRVB.svg */,
				5A18A77021625239007B06E9 /* M4genRVB.svg */,
				5A18A77121625239007B06E9 /* M5genRVB.svg */,
				5A18A76821625238007B06E9 /* M6genRVB.svg */,
				5A18A77221625239007B06E9 /* M7bisgenRVB.svg */,
				5A18A76B21625238007B06E9 /* M7genRVB.svg */,
				5A18A76921625238007B06E9 /* M8genRVB.svg */,
				5A18A76E21625238007B06E9 /* M9genRVB.svg */,
				5A18A76421625237007B06E9 /* M10genRVB.svg */,
				5A18A76A21625238007B06E9 /* M12genRVB.svg */,
				5A18A76F21625238007B06E9 /* M13genRVB.svg */,
				5A18A76721625237007B06E9 /* M14genRVB.svg */,
			);
			path = icon_metro_svg;
			sourceTree = "<group>";
		};
		5ACDD219213E9256007D2022 = {
			isa = PBXGroup;
			children = (
				5ACDD224213E9256007D2022 /* Frauding */,
				5ACDD223213E9256007D2022 /* Products */,
				DDE13F522615F125126D4111 /* Pods */,
				3EE42AD1C00610C09EDC73C3 /* Frameworks */,
			);
			sourceTree = "<group>";
		};
		5ACDD223213E9256007D2022 /* Products */ = {
			isa = PBXGroup;
			children = (
				5ACDD222213E9256007D2022 /* Frauding.app */,
			);
			name = Products;
			sourceTree = "<group>";
		};
		5ACDD224213E9256007D2022 /* Frauding */ = {
			isa = PBXGroup;
			children = (
				5A18A763216251EA007B06E9 /* icon_metro_svg */,
				5ACDD225213E9256007D2022 /* AppDelegate.swift */,
				5ACDD22C213E9257007D2022 /* Assets.xcassets */,
				5ACDD22E213E9257007D2022 /* LaunchScreen.storyboard */,
				5ACDD231213E9257007D2022 /* Info.plist */,
				5AF4A177213ECF5B0050A864 /* SearchDestinationTableViewCell.swift */,
				5AF4A178213ECF5B0050A864 /* SearchDestinationTableViewCell.xib */,
				5ACDD237213E931D007D2022 /* HomeViewController.swift */,
				5ACDD238213E931D007D2022 /* HomeViewController.xib */,
				5ACDD23B213EA8B4007D2022 /* RouteViewController.swift */,
				5ACDD23C213EA8B4007D2022 /* RouteViewController.xib */,
				5ACDD23F213EBB4C007D2022 /* RouteTableViewCell.swift */,
				5ACDD240213EBB4C007D2022 /* RouteTableViewCell.xib */,
				5A30CCF52163CE2B00EFF685 /* MetroCollectionViewCell.swift */,
				5A30CCF62163CE2B00EFF685 /* MetroCollectionViewCell.xib */,
				5A656A5F213FD0E200B67025 /* RouteRequest.swift */,
				5A656A652140597100B67025 /* ControleurRequest.swift */,
				5A656A63213FEAF100B67025 /* Route.swift */,
				5A656A672141149A00B67025 /* UidDef.swift */,
				5A1C584F214176C400558C7E /* RouteStepViewController.swift */,
				5A1C5850214176C400558C7E /* RouteStepViewController.xib */,
				5A1C584B2141768400558C7E /* RouteStepTableViewCell.swift */,
				5A1C584C2141768400558C7E /* RouteStepTableViewCell.xib */,
				5A1C584721413F9500558C7E /* StationTableViewCell.swift */,
				5A1C584821413F9500558C7E /* StationTableViewCell.xib */,
			);
			path = Frauding;
			sourceTree = "<group>";
		};
		DDE13F522615F125126D4111 /* Pods */ = {
			isa = PBXGroup;
			children = (
				0E3EEA44D95AF92C45654AED /* Pods-Frauding.debug.xcconfig */,
				D4D1FB689BFCD35681D818B2 /* Pods-Frauding.release.xcconfig */,
			);
			name = Pods;
			sourceTree = "<group>";
		};
/* End PBXGroup section */

/* Begin PBXNativeTarget section */
		5ACDD221213E9256007D2022 /* Frauding */ = {
			isa = PBXNativeTarget;
			buildConfigurationList = 5ACDD234213E9257007D2022 /* Build configuration list for PBXNativeTarget "Frauding" */;
			buildPhases = (
				73503A1339A9EEC51A0C0025 /* [CP] Check Pods Manifest.lock */,
				5ACDD21E213E9256007D2022 /* Sources */,
				5ACDD21F213E9256007D2022 /* Frameworks */,
				5ACDD220213E9256007D2022 /* Resources */,
				9EC19FCFBA18113C31DFFC99 /* [CP] Embed Pods Frameworks */,
				4571EF0C0D7F4E03A4314AA6 /* [CP] Copy Pods Resources */,
			);
			buildRules = (
			);
			dependencies = (
			);
			name = Frauding;
			productName = Frauding;
			productReference = 5ACDD222213E9256007D2022 /* Frauding.app */;
			productType = "com.apple.product-type.application";
		};
/* End PBXNativeTarget section */

/* Begin PBXProject section */
		5ACDD21A213E9256007D2022 /* Project object */ = {
			isa = PBXProject;
			attributes = {
				LastSwiftUpdateCheck = 0940;
				LastUpgradeCheck = 0940;
				ORGANIZATIONNAME = "Isma Dia";
				TargetAttributes = {
					5ACDD221213E9256007D2022 = {
						CreatedOnToolsVersion = 9.4.1;
					};
				};
			};
			buildConfigurationList = 5ACDD21D213E9256007D2022 /* Build configuration list for PBXProject "Frauding" */;
			compatibilityVersion = "Xcode 9.3";
			developmentRegion = en;
			hasScannedForEncodings = 0;
			knownRegions = (
				en,
				Base,
			);
			mainGroup = 5ACDD219213E9256007D2022;
			productRefGroup = 5ACDD223213E9256007D2022 /* Products */;
			projectDirPath = "";
			projectRoot = "";
			targets = (
				5ACDD221213E9256007D2022 /* Frauding */,
			);
		};
/* End PBXProject section */

/* Begin PBXResourcesBuildPhase section */
		5ACDD220213E9256007D2022 /* Resources */ = {
			isa = PBXResourcesBuildPhase;
			buildActionMask = 2147483647;
			files = (
				5ACDD230213E9257007D2022 /* LaunchScreen.storyboard in Resources */,
				5A1C584E2141768400558C7E /* RouteStepTableViewCell.xib in Resources */,
				5A18A77B21625239007B06E9 /* M1genRVB.svg in Resources */,
				5A18A78121625239007B06E9 /* M7bisgenRVB.svg in Resources */,
				5ACDD22D213E9257007D2022 /* Assets.xcassets in Resources */,
				5A18A77D21625239007B06E9 /* M9genRVB.svg in Resources */,
				5AF4A17A213ECF5B0050A864 /* SearchDestinationTableViewCell.xib in Resources */,
				5A18A77621625239007B06E9 /* M14genRVB.svg in Resources */,
				5ACDD23E213EA8B4007D2022 /* RouteViewController.xib in Resources */,
				5A1C5852214176C400558C7E /* RouteStepViewController.xib in Resources */,
				5A1C584A21413F9500558C7E /* StationTableViewCell.xib in Resources */,
				5A18A77521625239007B06E9 /* M3bisgenRVB.svg in Resources */,
				5A18A77721625239007B06E9 /* M6genRVB.svg in Resources */,
				5ACDD23A213E931D007D2022 /* HomeViewController.xib in Resources */,
				5A18A77E21625239007B06E9 /* M13genRVB.svg in Resources */,
				5ACDD242213EBB4C007D2022 /* RouteTableViewCell.xib in Resources */,
				5A18A77421625239007B06E9 /* M2genRVB.svg in Resources */,
				5A18A78021625239007B06E9 /* M5genRVB.svg in Resources */,
				5A18A77821625239007B06E9 /* M8genRVB.svg in Resources */,
				5A18A77F21625239007B06E9 /* M4genRVB.svg in Resources */,
				5A30CCF82163CE2B00EFF685 /* MetroCollectionViewCell.xib in Resources */,
				5A18A77321625239007B06E9 /* M10genRVB.svg in Resources */,
				5A18A77C21625239007B06E9 /* M3genRVB.svg in Resources */,
				5A18A77A21625239007B06E9 /* M7genRVB.svg in Resources */,
				5A18A77921625239007B06E9 /* M12genRVB.svg in Resources */,
			);
			runOnlyForDeploymentPostprocessing = 0;
		};
/* End PBXResourcesBuildPhase section */

/* Begin PBXShellScriptBuildPhase section */
		4571EF0C0D7F4E03A4314AA6 /* [CP] Copy Pods Resources */ = {
			isa = PBXShellScriptBuildPhase;
			buildActionMask = 2147483647;
			files = (
			);
			inputPaths = (
			);
			name = "[CP] Copy Pods Resources";
			outputPaths = (
			);
			runOnlyForDeploymentPostprocessing = 0;
			shellPath = /bin/sh;
			shellScript = "\"${SRCROOT}/Pods/Target Support Files/Pods-Frauding/Pods-Frauding-resources.sh\"\n";
			showEnvVarsInLog = 0;
		};
		73503A1339A9EEC51A0C0025 /* [CP] Check Pods Manifest.lock */ = {
			isa = PBXShellScriptBuildPhase;
			buildActionMask = 2147483647;
			files = (
			);
			inputPaths = (
				"${PODS_PODFILE_DIR_PATH}/Podfile.lock",
				"${PODS_ROOT}/Manifest.lock",
			);
			name = "[CP] Check Pods Manifest.lock";
			outputPaths = (
				"$(DERIVED_FILE_DIR)/Pods-Frauding-checkManifestLockResult.txt",
			);
			runOnlyForDeploymentPostprocessing = 0;
			shellPath = /bin/sh;
			shellScript = "diff \"${PODS_PODFILE_DIR_PATH}/Podfile.lock\" \"${PODS_ROOT}/Manifest.lock\" > /dev/null\nif [ $? != 0 ] ; then\n    # print error to STDERR\n    echo \"error: The sandbox is not in sync with the Podfile.lock. Run 'pod install' or update your CocoaPods installation.\" >&2\n    exit 1\nfi\n# This output is used by Xcode 'outputs' to avoid re-running this script phase.\necho \"SUCCESS\" > \"${SCRIPT_OUTPUT_FILE_0}\"\n";
			showEnvVarsInLog = 0;
		};
		9EC19FCFBA18113C31DFFC99 /* [CP] Embed Pods Frameworks */ = {
			isa = PBXShellScriptBuildPhase;
			buildActionMask = 2147483647;
			files = (
			);
			inputPaths = (
				"${SRCROOT}/Pods/Target Support Files/Pods-Frauding/Pods-Frauding-frameworks.sh",
				"${BUILT_PRODUCTS_DIR}/Alamofire/Alamofire.framework",
				"${BUILT_PRODUCTS_DIR}/IQKeyboardManagerSwift/IQKeyboardManagerSwift.framework",
			);
			name = "[CP] Embed Pods Frameworks";
			outputPaths = (
				"${TARGET_BUILD_DIR}/${FRAMEWORKS_FOLDER_PATH}/Alamofire.framework",
				"${TARGET_BUILD_DIR}/${FRAMEWORKS_FOLDER_PATH}/IQKeyboardManagerSwift.framework",
			);
			runOnlyForDeploymentPostprocessing = 0;
			shellPath = /bin/sh;
			shellScript = "\"${SRCROOT}/Pods/Target Support Files/Pods-Frauding/Pods-Frauding-frameworks.sh\"\n";
			showEnvVarsInLog = 0;
		};
/* End PBXShellScriptBuildPhase section */

/* Begin PBXSourcesBuildPhase section */
		5ACDD21E213E9256007D2022 /* Sources */ = {
			isa = PBXSourcesBuildPhase;
			buildActionMask = 2147483647;
			files = (
				5A656A662140597100B67025 /* ControleurRequest.swift in Sources */,
				5A656A682141149A00B67025 /* UidDef.swift in Sources */,
				5ACDD226213E9256007D2022 /* AppDelegate.swift in Sources */,
				5A30CCF72163CE2B00EFF685 /* MetroCollectionViewCell.swift in Sources */,
				5A1C584D2141768400558C7E /* RouteStepTableViewCell.swift in Sources */,
				5A656A60213FD0E200B67025 /* RouteRequest.swift in Sources */,
				5AF4A179213ECF5B0050A864 /* SearchDestinationTableViewCell.swift in Sources */,
				5ACDD241213EBB4C007D2022 /* RouteTableViewCell.swift in Sources */,
				5A1C584921413F9500558C7E /* StationTableViewCell.swift in Sources */,
				5ACDD239213E931D007D2022 /* HomeViewController.swift in Sources */,
				5A656A64213FEAF100B67025 /* Route.swift in Sources */,
				5A1C5851214176C400558C7E /* RouteStepViewController.swift in Sources */,
				5ACDD23D213EA8B4007D2022 /* RouteViewController.swift in Sources */,
			);
			runOnlyForDeploymentPostprocessing = 0;
		};
/* End PBXSourcesBuildPhase section */

/* Begin PBXVariantGroup section */
		5ACDD22E213E9257007D2022 /* LaunchScreen.storyboard */ = {
			isa = PBXVariantGroup;
			children = (
				5ACDD22F213E9257007D2022 /* Base */,
			);
			name = LaunchScreen.storyboard;
			sourceTree = "<group>";
		};
/* End PBXVariantGroup section */

/* Begin XCBuildConfiguration section */
		5ACDD232213E9257007D2022 /* Debug */ = {
			isa = XCBuildConfiguration;
			buildSettings = {
				ALWAYS_SEARCH_USER_PATHS = NO;
				CLANG_ANALYZER_NONNULL = YES;
				CLANG_ANALYZER_NUMBER_OBJECT_CONVERSION = YES_AGGRESSIVE;
				CLANG_CXX_LANGUAGE_STANDARD = "gnu++14";
				CLANG_CXX_LIBRARY = "libc++";
				CLANG_ENABLE_MODULES = YES;
				CLANG_ENABLE_OBJC_ARC = YES;
				CLANG_ENABLE_OBJC_WEAK = YES;
				CLANG_WARN_BLOCK_CAPTURE_AUTORELEASING = YES;
				CLANG_WARN_BOOL_CONVERSION = YES;
				CLANG_WARN_COMMA = YES;
				CLANG_WARN_CONSTANT_CONVERSION = YES;
				CLANG_WARN_DEPRECATED_OBJC_IMPLEMENTATIONS = YES;
				CLANG_WARN_DIRECT_OBJC_ISA_USAGE = YES_ERROR;
				CLANG_WARN_DOCUMENTATION_COMMENTS = YES;
				CLANG_WARN_EMPTY_BODY = YES;
				CLANG_WARN_ENUM_CONVERSION = YES;
				CLANG_WARN_INFINITE_RECURSION = YES;
				CLANG_WARN_INT_CONVERSION = YES;
				CLANG_WARN_NON_LITERAL_NULL_CONVERSION = YES;
				CLANG_WARN_OBJC_IMPLICIT_RETAIN_SELF = YES;
				CLANG_WARN_OBJC_LITERAL_CONVERSION = YES;
				CLANG_WARN_OBJC_ROOT_CLASS = YES_ERROR;
				CLANG_WARN_RANGE_LOOP_ANALYSIS = YES;
				CLANG_WARN_STRICT_PROTOTYPES = YES;
				CLANG_WARN_SUSPICIOUS_MOVE = YES;
				CLANG_WARN_UNGUARDED_AVAILABILITY = YES_AGGRESSIVE;
				CLANG_WARN_UNREACHABLE_CODE = YES;
				CLANG_WARN__DUPLICATE_METHOD_MATCH = YES;
				CODE_SIGN_IDENTITY = "iPhone Developer";
				COPY_PHASE_STRIP = NO;
				DEBUG_INFORMATION_FORMAT = dwarf;
				ENABLE_STRICT_OBJC_MSGSEND = YES;
				ENABLE_TESTABILITY = YES;
				GCC_C_LANGUAGE_STANDARD = gnu11;
				GCC_DYNAMIC_NO_PIC = NO;
				GCC_NO_COMMON_BLOCKS = YES;
				GCC_OPTIMIZATION_LEVEL = 0;
				GCC_PREPROCESSOR_DEFINITIONS = (
					"DEBUG=1",
					"$(inherited)",
				);
				GCC_WARN_64_TO_32_BIT_CONVERSION = YES;
				GCC_WARN_ABOUT_RETURN_TYPE = YES_ERROR;
				GCC_WARN_UNDECLARED_SELECTOR = YES;
				GCC_WARN_UNINITIALIZED_AUTOS = YES_AGGRESSIVE;
				GCC_WARN_UNUSED_FUNCTION = YES;
				GCC_WARN_UNUSED_VARIABLE = YES;
				IPHONEOS_DEPLOYMENT_TARGET = 11.4;
				MTL_ENABLE_DEBUG_INFO = YES;
				ONLY_ACTIVE_ARCH = YES;
				SDKROOT = iphoneos;
				SWIFT_ACTIVE_COMPILATION_CONDITIONS = DEBUG;
				SWIFT_OPTIMIZATION_LEVEL = "-Onone";
			};
			name = Debug;
		};
		5ACDD233213E9257007D2022 /* Release */ = {
			isa = XCBuildConfiguration;
			buildSettings = {
				ALWAYS_SEARCH_USER_PATHS = NO;
				CLANG_ANALYZER_NONNULL = YES;
				CLANG_ANALYZER_NUMBER_OBJECT_CONVERSION = YES_AGGRESSIVE;
				CLANG_CXX_LANGUAGE_STANDARD = "gnu++14";
				CLANG_CXX_LIBRARY = "libc++";
				CLANG_ENABLE_MODULES = YES;
				CLANG_ENABLE_OBJC_ARC = YES;
				CLANG_ENABLE_OBJC_WEAK = YES;
				CLANG_WARN_BLOCK_CAPTURE_AUTORELEASING = YES;
				CLANG_WARN_BOOL_CONVERSION = YES;
				CLANG_WARN_COMMA = YES;
				CLANG_WARN_CONSTANT_CONVERSION = YES;
				CLANG_WARN_DEPRECATED_OBJC_IMPLEMENTATIONS = YES;
				CLANG_WARN_DIRECT_OBJC_ISA_USAGE = YES_ERROR;
				CLANG_WARN_DOCUMENTATION_COMMENTS = YES;
				CLANG_WARN_EMPTY_BODY = YES;
				CLANG_WARN_ENUM_CONVERSION = YES;
				CLANG_WARN_INFINITE_RECURSION = YES;
				CLANG_WARN_INT_CONVERSION = YES;
				CLANG_WARN_NON_LITERAL_NULL_CONVERSION = YES;
				CLANG_WARN_OBJC_IMPLICIT_RETAIN_SELF = YES;
				CLANG_WARN_OBJC_LITERAL_CONVERSION = YES;
				CLANG_WARN_OBJC_ROOT_CLASS = YES_ERROR;
				CLANG_WARN_RANGE_LOOP_ANALYSIS = YES;
				CLANG_WARN_STRICT_PROTOTYPES = YES;
				CLANG_WARN_SUSPICIOUS_MOVE = YES;
				CLANG_WARN_UNGUARDED_AVAILABILITY = YES_AGGRESSIVE;
				CLANG_WARN_UNREACHABLE_CODE = YES;
				CLANG_WARN__DUPLICATE_METHOD_MATCH = YES;
				CODE_SIGN_IDENTITY = "iPhone Developer";
				COPY_PHASE_STRIP = NO;
				DEBUG_INFORMATION_FORMAT = "dwarf-with-dsym";
				ENABLE_NS_ASSERTIONS = NO;
				ENABLE_STRICT_OBJC_MSGSEND = YES;
				GCC_C_LANGUAGE_STANDARD = gnu11;
				GCC_NO_COMMON_BLOCKS = YES;
				GCC_WARN_64_TO_32_BIT_CONVERSION = YES;
				GCC_WARN_ABOUT_RETURN_TYPE = YES_ERROR;
				GCC_WARN_UNDECLARED_SELECTOR = YES;
				GCC_WARN_UNINITIALIZED_AUTOS = YES_AGGRESSIVE;
				GCC_WARN_UNUSED_FUNCTION = YES;
				GCC_WARN_UNUSED_VARIABLE = YES;
				IPHONEOS_DEPLOYMENT_TARGET = 11.4;
				MTL_ENABLE_DEBUG_INFO = NO;
				SDKROOT = iphoneos;
				SWIFT_COMPILATION_MODE = wholemodule;
				SWIFT_OPTIMIZATION_LEVEL = "-O";
				VALIDATE_PRODUCT = YES;
			};
			name = Release;
		};
		5ACDD235213E9257007D2022 /* Debug */ = {
			isa = XCBuildConfiguration;
			baseConfigurationReference = 0E3EEA44D95AF92C45654AED /* Pods-Frauding.debug.xcconfig */;
			buildSettings = {
				ASSETCATALOG_COMPILER_APPICON_NAME = AppIcon;
				CODE_SIGN_STYLE = Automatic;
				DEVELOPMENT_TEAM = 2STZ642E42;
				INFOPLIST_FILE = Frauding/Info.plist;
				LD_RUNPATH_SEARCH_PATHS = (
					"$(inherited)",
					"@executable_path/Frameworks",
				);
				PRODUCT_BUNDLE_IDENTIFIER = moc.bigteam.Frauding;
				PRODUCT_NAME = "$(TARGET_NAME)";
				SWIFT_VERSION = 4.0;
				TARGETED_DEVICE_FAMILY = "1,2";
			};
			name = Debug;
		};
		5ACDD236213E9257007D2022 /* Release */ = {
			isa = XCBuildConfiguration;
			baseConfigurationReference = D4D1FB689BFCD35681D818B2 /* Pods-Frauding.release.xcconfig */;
			buildSettings = {
				ASSETCATALOG_COMPILER_APPICON_NAME = AppIcon;
				CODE_SIGN_STYLE = Automatic;
				DEVELOPMENT_TEAM = 2STZ642E42;
				INFOPLIST_FILE = Frauding/Info.plist;
				LD_RUNPATH_SEARCH_PATHS = (
					"$(inherited)",
					"@executable_path/Frameworks",
				);
				PRODUCT_BUNDLE_IDENTIFIER = moc.bigteam.Frauding;
				PRODUCT_NAME = "$(TARGET_NAME)";
				SWIFT_VERSION = 4.0;
				TARGETED_DEVICE_FAMILY = "1,2";
			};
			name = Release;
		};
/* End XCBuildConfiguration section */

/* Begin XCConfigurationList section */
		5ACDD21D213E9256007D2022 /* Build configuration list for PBXProject "Frauding" */ = {
			isa = XCConfigurationList;
			buildConfigurations = (
				5ACDD232213E9257007D2022 /* Debug */,
				5ACDD233213E9257007D2022 /* Release */,
			);
			defaultConfigurationIsVisible = 0;
			defaultConfigurationName = Release;
		};
		5ACDD234213E9257007D2022 /* Build configuration list for PBXNativeTarget "Frauding" */ = {
			isa = XCConfigurationList;
			buildConfigurations = (
				5ACDD235213E9257007D2022 /* Debug */,
				5ACDD236213E9257007D2022 /* Release */,
			);
			defaultConfigurationIsVisible = 0;
			defaultConfigurationName = Release;
		};
/* End XCConfigurationList section */
	};
	rootObject = 5ACDD21A213E9256007D2022 /* Project object */;
}
